// !$*UTF8*$!
{
	archiveVersion = 1;
	classes = {
	};
	objectVersion = 46;
	objects = {

/* Begin PBXBuildFile section */
		F5658D5D1F112E1500A8104F /* AppDelegate.swift in Sources */ = {isa = PBXBuildFile; fileRef = F5658D5C1F112E1500A8104F /* AppDelegate.swift */; };
		F5658D621F112E1500A8104F /* Main.storyboard in Resources */ = {isa = PBXBuildFile; fileRef = F5658D601F112E1500A8104F /* Main.storyboard */; };
		F5658D641F112E1500A8104F /* Assets.xcassets in Resources */ = {isa = PBXBuildFile; fileRef = F5658D631F112E1500A8104F /* Assets.xcassets */; };
		F5658D671F112E1500A8104F /* LaunchScreen.storyboard in Resources */ = {isa = PBXBuildFile; fileRef = F5658D651F112E1500A8104F /* LaunchScreen.storyboard */; };
		F5658D711F117EF300A8104F /* i7ViewController.swift in Sources */ = {isa = PBXBuildFile; fileRef = F5658D701F117EF300A8104F /* i7ViewController.swift */; };
		F5658D751F117F1B00A8104F /* i6sViewController.swift in Sources */ = {isa = PBXBuildFile; fileRef = F5658D741F117F1B00A8104F /* i6sViewController.swift */; };
		F5D9EBBE1F11934400040010 /* MockFeedbackViewController.swift in Sources */ = {isa = PBXBuildFile; fileRef = F5D9EBBD1F11934400040010 /* MockFeedbackViewController.swift */; };
/* End PBXBuildFile section */

/* Begin PBXFileReference section */
		F5658D591F112E1500A8104F /* HapticFeedbackDemo.app */ = {isa = PBXFileReference; explicitFileType = wrapper.application; includeInIndex = 0; path = HapticFeedbackDemo.app; sourceTree = BUILT_PRODUCTS_DIR; };
		F5658D5C1F112E1500A8104F /* AppDelegate.swift */ = {isa = PBXFileReference; lastKnownFileType = sourcecode.swift; path = AppDelegate.swift; sourceTree = "<group>"; };
		F5658D611F112E1500A8104F /* Base */ = {isa = PBXFileReference; lastKnownFileType = file.storyboard; name = Base; path = Base.lproj/Main.storyboard; sourceTree = "<group>"; };
		F5658D631F112E1500A8104F /* Assets.xcassets */ = {isa = PBXFileReference; lastKnownFileType = folder.assetcatalog; path = Assets.xcassets; sourceTree = "<group>"; };
		F5658D661F112E1500A8104F /* Base */ = {isa = PBXFileReference; lastKnownFileType = file.storyboard; name = Base; path = Base.lproj/LaunchScreen.storyboard; sourceTree = "<group>"; };
		F5658D681F112E1500A8104F /* Info.plist */ = {isa = PBXFileReference; lastKnownFileType = text.plist.xml; path = Info.plist; sourceTree = "<group>"; };
		F5658D701F117EF300A8104F /* i7ViewController.swift */ = {isa = PBXFileReference; fileEncoding = 4; lastKnownFileType = sourcecode.swift; path = i7ViewController.swift; sourceTree = "<group>"; };
		F5658D741F117F1B00A8104F /* i6sViewController.swift */ = {isa = PBXFileReference; fileEncoding = 4; lastKnownFileType = sourcecode.swift; path = i6sViewController.swift; sourceTree = "<group>"; };
		F5D9EBBD1F11934400040010 /* MockFeedbackViewController.swift */ = {isa = PBXFileReference; fileEncoding = 4; lastKnownFileType = sourcecode.swift; path = MockFeedbackViewController.swift; sourceTree = "<group>"; };
/* End PBXFileReference section */

/* Begin PBXFrameworksBuildPhase section */
		F5658D561F112E1500A8104F /* Frameworks */ = {
			isa = PBXFrameworksBuildPhase;
			buildActionMask = 2147483647;
			files = (
			);
			runOnlyForDeploymentPostprocessing = 0;
		};
/* End PBXFrameworksBuildPhase section */

/* Begin PBXGroup section */
		F5658D501F112E1500A8104F = {
			isa = PBXGroup;
			children = (
				F5658D5B1F112E1500A8104F /* HapticFeedbackDemo */,
				F5658D5A1F112E1500A8104F /* Products */,
			);
			sourceTree = "<group>";
		};
		F5658D5A1F112E1500A8104F /* Products */ = {
			isa = PBXGroup;
			children = (
				F5658D591F112E1500A8104F /* HapticFeedbackDemo.app */,
			);
			name = Products;
			sourceTree = "<group>";
		};
		F5658D5B1F112E1500A8104F /* HapticFeedbackDemo */ = {
			isa = PBXGroup;
			children = (
				F5658D5C1F112E1500A8104F /* AppDelegate.swift */,
				F5658D701F117EF300A8104F /* i7ViewController.swift */,
				F5658D741F117F1B00A8104F /* i6sViewController.swift */,
				F5D9EBBD1F11934400040010 /* MockFeedbackViewController.swift */,
				F5658D601F112E1500A8104F /* Main.storyboard */,
				F5658D631F112E1500A8104F /* Assets.xcassets */,
				F5658D651F112E1500A8104F /* LaunchScreen.storyboard */,
				F5658D681F112E1500A8104F /* Info.plist */,
			);
			path = HapticFeedbackDemo;
			sourceTree = "<group>";
		};
/* End PBXGroup section */

/* Begin PBXNativeTarget section */
		F5658D581F112E1500A8104F /* HapticFeedbackDemo */ = {
			isa = PBXNativeTarget;
			buildConfigurationList = F5658D6B1F112E1500A8104F /* Build configuration list for PBXNativeTarget "HapticFeedbackDemo" */;
			buildPhases = (
				F5658D551F112E1500A8104F /* Sources */,
				F5658D561F112E1500A8104F /* Frameworks */,
				F5658D571F112E1500A8104F /* Resources */,
			);
			buildRules = (
			);
			dependencies = (
			);
			name = HapticFeedbackDemo;
			productName = HapticFeedbackDemo;
			productReference = F5658D591F112E1500A8104F /* HapticFeedbackDemo.app */;
			productType = "com.apple.product-type.application";
		};
/* End PBXNativeTarget section */

/* Begin PBXProject section */
		F5658D511F112E1500A8104F /* Project object */ = {
			isa = PBXProject;
			attributes = {
				LastSwiftUpdateCheck = 0830;
				LastUpgradeCheck = 0830;
				ORGANIZATIONNAME = nerdmade;
				TargetAttributes = {
					F5658D581F112E1500A8104F = {
						CreatedOnToolsVersion = 8.3.3;
						DevelopmentTeam = EPML3SR9WM;
						ProvisioningStyle = Automatic;
					};
				};
			};
			buildConfigurationList = F5658D541F112E1500A8104F /* Build configuration list for PBXProject "HapticFeedbackDemo" */;
			compatibilityVersion = "Xcode 3.2";
			developmentRegion = English;
			hasScannedForEncodings = 0;
			knownRegions = (
				en,
				Base,
			);
			mainGroup = F5658D501F112E1500A8104F;
			productRefGroup = F5658D5A1F112E1500A8104F /* Products */;
			projectDirPath = "";
			projectRoot = "";
			targets = (
				F5658D581F112E1500A8104F /* HapticFeedbackDemo */,
			);
		};
/* End PBXProject section */

/* Begin PBXResourcesBuildPhase section */
		F5658D571F112E1500A8104F /* Resources */ = {
			isa = PBXResourcesBuildPhase;
			buildActionMask = 2147483647;
			files = (
				F5658D671F112E1500A8104F /* LaunchScreen.storyboard in Resources */,
				F5658D641F112E1500A8104F /* Assets.xcassets in Resources */,
				F5658D621F112E1500A8104F /* Main.storyboard in Resources */,
			);
			runOnlyForDeploymentPostprocessing = 0;
		};
/* End PBXResourcesBuildPhase section */

/* Begin PBXSourcesBuildPhase section */
		F5658D551F112E1500A8104F /* Sources */ = {
			isa = PBXSourcesBuildPhase;
			buildActionMask = 2147483647;
			files = (
				F5658D711F117EF300A8104F /* i7ViewController.swift in Sources */,
				F5658D5D1F112E1500A8104F /* AppDelegate.swift in Sources */,
				F5658D751F117F1B00A8104F /* i6sViewController.swift in Sources */,
				F5D9EBBE1F11934400040010 /* MockFeedbackViewController.swift in Sources */,
			);
			runOnlyForDeploymentPostprocessing = 0;
		};
/* End PBXSourcesBuildPhase section */

/* Begin PBXVariantGroup section */
		F5658D601F112E1500A8104F /* Main.storyboard */ = {
			isa = PBXVariantGroup;
			children = (
				F5658D611F112E1500A8104F /* Base */,
			);
			name = Main.storyboard;
			sourceTree = "<group>";
		};
		F5658D651F112E1500A8104F /* LaunchScreen.storyboard */ = {
			isa = PBXVariantGroup;
			children = (
				F5658D661F112E1500A8104F /* Base */,
			);
			name = LaunchScreen.storyboard;
			sourceTree = "<group>";
		};
/* End PBXVariantGroup section */

/* Begin XCBuildConfiguration section */
		F5658D691F112E1500A8104F /* Debug */ = {
			isa = XCBuildConfiguration;
			buildSettings = {
				ALWAYS_SEARCH_USER_PATHS = NO;
				CLANG_ANALYZER_NONNULL = YES;
				CLANG_ANALYZER_NUMBER_OBJECT_CONVERSION = YES_AGGRESSIVE;
				CLANG_CXX_LANGUAGE_STANDARD = "gnu++0x";
				CLANG_CXX_LIBRARY = "libc++";
				CLANG_ENABLE_MODULES = YES;
				CLANG_ENABLE_OBJC_ARC = YES;
				CLANG_WARN_BOOL_CONVERSION = YES;
				CLANG_WARN_CONSTANT_CONVERSION = YES;
				CLANG_WARN_DIRECT_OBJC_ISA_USAGE = YES_ERROR;
				CLANG_WARN_DOCUMENTATION_COMMENTS = YES;
				CLANG_WARN_EMPTY_BODY = YES;
				CLANG_WARN_ENUM_CONVERSION = YES;
				CLANG_WARN_INFINITE_RECURSION = YES;
				CLANG_WARN_INT_CONVERSION = YES;
				CLANG_WARN_OBJC_ROOT_CLASS = YES_ERROR;
				CLANG_WARN_SUSPICIOUS_MOVE = YES;
				CLANG_WARN_UNREACHABLE_CODE = YES;
				CLANG_WARN__DUPLICATE_METHOD_MATCH = YES;
				"CODE_SIGN_IDENTITY[sdk=iphoneos*]" = "iPhone Developer";
				COPY_PHASE_STRIP = NO;
				DEBUG_INFORMATION_FORMAT = dwarf;
				ENABLE_STRICT_OBJC_MSGSEND = YES;
				ENABLE_TESTABILITY = YES;
				GCC_C_LANGUAGE_STANDARD = gnu99;
				GCC_DYNAMIC_NO_PIC = NO;
				GCC_NO_COMMON_BLOCKS = YES;
				GCC_OPTIMIZATION_LEVEL = 0;
				GCC_PREPROCESSOR_DEFINITIONS = (
					"DEBUG=1",
					"$(inherited)",
				);
				GCC_WARN_64_TO_32_BIT_CONVERSION = YES;
				GCC_WARN_ABOUT_RETURN_TYPE = YES_ERROR;
				GCC_WARN_UNDECLARED_SELECTOR = YES;
				GCC_WARN_UNINITIALIZED_AUTOS = YES_AGGRESSIVE;
				GCC_WARN_UNUSED_FUNCTION = YES;
				GCC_WARN_UNUSED_VARIABLE = YES;
				IPHONEOS_DEPLOYMENT_TARGET = 10.3;
				MTL_ENABLE_DEBUG_INFO = YES;
				ONLY_ACTIVE_ARCH = YES;
				SDKROOT = iphoneos;
				SWIFT_ACTIVE_COMPILATION_CONDITIONS = DEBUG;
				SWIFT_OPTIMIZATION_LEVEL = "-Onone";
			};
			name = Debug;
		};
		F5658D6A1F112E1500A8104F /* Release */ = {
			isa = XCBuildConfiguration;
			buildSettings = {
				ALWAYS_SEARCH_USER_PATHS = NO;
				CLANG_ANALYZER_NONNULL = YES;
				CLANG_ANALYZER_NUMBER_OBJECT_CONVERSION = YES_AGGRESSIVE;
				CLANG_CXX_LANGUAGE_STANDARD = "gnu++0x";
				CLANG_CXX_LIBRARY = "libc++";
				CLANG_ENABLE_MODULES = YES;
				CLANG_ENABLE_OBJC_ARC = YES;
				CLANG_WARN_BOOL_CONVERSION = YES;
				CLANG_WARN_CONSTANT_CONVERSION = YES;
				CLANG_WARN_DIRECT_OBJC_ISA_USAGE = YES_ERROR;
				CLANG_WARN_DOCUMENTATION_COMMENTS = YES;
				CLANG_WARN_EMPTY_BODY = YES;
				CLANG_WARN_ENUM_CONVERSION = YES;
				CLANG_WARN_INFINITE_RECURSION = YES;
				CLANG_WARN_INT_CONVERSION = YES;
				CLANG_WARN_OBJC_ROOT_CLASS = YES_ERROR;
				CLANG_WARN_SUSPICIOUS_MOVE = YES;
				CLANG_WARN_UNREACHABLE_CODE = YES;
				CLANG_WARN__DUPLICATE_METHOD_MATCH = YES;
				"CODE_SIGN_IDENTITY[sdk=iphoneos*]" = "iPhone Developer";
				COPY_PHASE_STRIP = NO;
				DEBUG_INFORMATION_FORMAT = "dwarf-with-dsym";
				ENABLE_NS_ASSERTIONS = NO;
				ENABLE_STRICT_OBJC_MSGSEND = YES;
				GCC_C_LANGUAGE_STANDARD = gnu99;
				GCC_NO_COMMON_BLOCKS = YES;
				GCC_WARN_64_TO_32_BIT_CONVERSION = YES;
				GCC_WARN_ABOUT_RETURN_TYPE = YES_ERROR;
				GCC_WARN_UNDECLARED_SELECTOR = YES;
				GCC_WARN_UNINITIALIZED_AUTOS = YES_AGGRESSIVE;
				GCC_WARN_UNUSED_FUNCTION = YES;
				GCC_WARN_UNUSED_VARIABLE = YES;
				IPHONEOS_DEPLOYMENT_TARGET = 10.3;
				MTL_ENABLE_DEBUG_INFO = NO;
				SDKROOT = iphoneos;
				SWIFT_OPTIMIZATION_LEVEL = "-Owholemodule";
				VALIDATE_PRODUCT = YES;
			};
			name = Release;
		};
		F5658D6C1F112E1500A8104F /* Debug */ = {
			isa = XCBuildConfiguration;
			buildSettings = {
				ASSETCATALOG_COMPILER_APPICON_NAME = AppIcon;
				DEVELOPMENT_TEAM = EPML3SR9WM;
				INFOPLIST_FILE = HapticFeedbackDemo/Info.plist;
				LD_RUNPATH_SEARCH_PATHS = "$(inherited) @executable_path/Frameworks";
				PRODUCT_BUNDLE_IDENTIFIER = co.nerdmade.HapticFeedbackDemo;
				PRODUCT_NAME = "$(TARGET_NAME)";
				SWIFT_VERSION = 3.0;
			};
			name = Debug;
		};
		F5658D6D1F112E1500A8104F /* Release */ = {
			isa = XCBuildConfiguration;
			buildSettings = {
				ASSETCATALOG_COMPILER_APPICON_NAME = AppIcon;
				DEVELOPMENT_TEAM = EPML3SR9WM;
				INFOPLIST_FILE = HapticFeedbackDemo/Info.plist;
				LD_RUNPATH_SEARCH_PATHS = "$(inherited) @executable_path/Frameworks";
				PRODUCT_BUNDLE_IDENTIFIER = co.nerdmade.HapticFeedbackDemo;
				PRODUCT_NAME = "$(TARGET_NAME)";
				SWIFT_VERSION = 3.0;
			};
			name = Release;
		};
/* End XCBuildConfiguration section */

/* Begin XCConfigurationList section */
		F5658D541F112E1500A8104F /* Build configuration list for PBXProject "HapticFeedbackDemo" */ = {
			isa = XCConfigurationList;
			buildConfigurations = (
				F5658D691F112E1500A8104F /* Debug */,
				F5658D6A1F112E1500A8104F /* Release */,
			);
			defaultConfigurationIsVisible = 0;
			defaultConfigurationName = Release;
		};
		F5658D6B1F112E1500A8104F /* Build configuration list for PBXNativeTarget "HapticFeedbackDemo" */ = {
			isa = XCConfigurationList;
			buildConfigurations = (
				F5658D6C1F112E1500A8104F /* Debug */,
				F5658D6D1F112E1500A8104F /* Release */,
			);
			defaultConfigurationIsVisible = 0;
			defaultConfigurationName = Release;
		};
/* End XCConfigurationList section */
	};
	rootObject = F5658D511F112E1500A8104F /* Project object */;
}
